// !$*UTF8*$!
{
	archiveVersion = 1;
	classes = {
	};
	objectVersion = 77;
	objects = {

/* Begin PBXBuildFile section */
		5A40567E2F5040AE00C44EDF /* FirebaseAuth in Frameworks */ = {isa = PBXBuildFile; productRef = 5A40567D2F5040AE00C44EDF /* FirebaseAuth */; };
		5A4056802F5040AE00C44EDF /* FirebaseFirestore in Frameworks */ = {isa = PBXBuildFile; productRef = 5A40567F2F5040AE00C44EDF /* FirebaseFirestore */; };
/* End PBXBuildFile section */

/* Begin PBXContainerItemProxy section */
		5A40565F2F503B4C00C44EDF /* PBXContainerItemProxy */ = {
			isa = PBXContainerItemProxy;
			containerPortal = 5A4056402F503B4A00C44EDF /* Project object */;
			proxyType = 1;
			remoteGlobalIDString = 5A4056472F503B4A00C44EDF;
			remoteInfo = BreakApp;
		};
		5A4056692F503B4C00C44EDF /* PBXContainerItemProxy */ = {
			isa = PBXContainerItemProxy;
			containerPortal = 5A4056402F503B4A00C44EDF /* Project object */;
			proxyType = 1;
			remoteGlobalIDString = 5A4056472F503B4A00C44EDF;
			remoteInfo = BreakApp;
		};
/* End PBXContainerItemProxy section */

/* Begin PBXFileReference section */
		5A4056482F503B4A00C44EDF /* BreakApp.app */ = {isa = PBXFileReference; explicitFileType = wrapper.application; includeInIndex = 0; path = BreakApp.app; sourceTree = BUILT_PRODUCTS_DIR; };
		5A40565E2F503B4C00C44EDF /* BreakAppTests.xctest */ = {isa = PBXFileReference; explicitFileType = wrapper.cfbundle; includeInIndex = 0; path = BreakAppTests.xctest; sourceTree = BUILT_PRODUCTS_DIR; };
		5A4056682F503B4C00C44EDF /* BreakAppUITests.xctest */ = {isa = PBXFileReference; explicitFileType = wrapper.cfbundle; includeInIndex = 0; path = BreakAppUITests.xctest; sourceTree = BUILT_PRODUCTS_DIR; };
/* End PBXFileReference section */

/* Begin PBXFileSystemSynchronizedBuildFileExceptionSet section */
		5A4056702F503B4C00C44EDF /* Exceptions for "BreakApp" folder in "BreakApp" target */ = {
			isa = PBXFileSystemSynchronizedBuildFileExceptionSet;
			membershipExceptions = (
				Info.plist,
			);
			target = 5A4056472F503B4A00C44EDF /* BreakApp */;
		};
/* End PBXFileSystemSynchronizedBuildFileExceptionSet section */

/* Begin PBXFileSystemSynchronizedRootGroup section */
		5A40564A2F503B4A00C44EDF /* BreakApp */ = {
			isa = PBXFileSystemSynchronizedRootGroup;
			exceptions = (
				5A4056702F503B4C00C44EDF /* Exceptions for "BreakApp" folder in "BreakApp" target */,
			);
			path = BreakApp;
			sourceTree = "<group>";
		};
		5A4056612F503B4C00C44EDF /* BreakAppTests */ = {
			isa = PBXFileSystemSynchronizedRootGroup;
			path = BreakAppTests;
			sourceTree = "<group>";
		};
		5A40566B2F503B4C00C44EDF /* BreakAppUITests */ = {
			isa = PBXFileSystemSynchronizedRootGroup;
			path = BreakAppUITests;
			sourceTree = "<group>";
		};
/* End PBXFileSystemSynchronizedRootGroup section */

/* Begin PBXFrameworksBuildPhase section */
		5A4056452F503B4A00C44EDF /* Frameworks */ = {
			isa = PBXFrameworksBuildPhase;
			buildActionMask = 2147483647;
			files = (
				5A40567E2F5040AE00C44EDF /* FirebaseAuth in Frameworks */,
				5A4056802F5040AE00C44EDF /* FirebaseFirestore in Frameworks */,
			);
			runOnlyForDeploymentPostprocessing = 0;
		};
		5A40565B2F503B4C00C44EDF /* Frameworks */ = {
			isa = PBXFrameworksBuildPhase;
			buildActionMask = 2147483647;
			files = (
			);
			runOnlyForDeploymentPostprocessing = 0;
		};
		5A4056652F503B4C00C44EDF /* Frameworks */ = {
			isa = PBXFrameworksBuildPhase;
			buildActionMask = 2147483647;
			files = (
			);
			runOnlyForDeploymentPostprocessing = 0;
		};
/* End PBXFrameworksBuildPhase section */

/* Begin PBXGroup section */
		5A40563F2F503B4A00C44EDF = {
			isa = PBXGroup;
			children = (
				5A40564A2F503B4A00C44EDF /* BreakApp */,
				5A4056612F503B4C00C44EDF /* BreakAppTests */,
				5A40566B2F503B4C00C44EDF /* BreakAppUITests */,
				5A4056492F503B4A00C44EDF /* Products */,
			);
			sourceTree = "<group>";
		};
		5A4056492F503B4A00C44EDF /* Products */ = {
			isa = PBXGroup;
			children = (
				5A4056482F503B4A00C44EDF /* BreakApp.app */,
				5A40565E2F503B4C00C44EDF /* BreakAppTests.xctest */,
				5A4056682F503B4C00C44EDF /* BreakAppUITests.xctest */,
			);
			name = Products;
			sourceTree = "<group>";
		};
/* End PBXGroup section */

/* Begin PBXNativeTarget section */
		5A4056472F503B4A00C44EDF /* BreakApp */ = {
			isa = PBXNativeTarget;
			buildConfigurationList = 5A4056712F503B4C00C44EDF /* Build configuration list for PBXNativeTarget "BreakApp" */;
			buildPhases = (
				5A4056442F503B4A00C44EDF /* Sources */,
				5A4056452F503B4A00C44EDF /* Frameworks */,
				5A4056462F503B4A00C44EDF /* Resources */,
			);
			buildRules = (
			);
			dependencies = (
			);
			fileSystemSynchronizedGroups = (
				5A40564A2F503B4A00C44EDF /* BreakApp */,
			);
			name = BreakApp;
			packageProductDependencies = (
				5A40567D2F5040AE00C44EDF /* FirebaseAuth */,
				5A40567F2F5040AE00C44EDF /* FirebaseFirestore */,
			);
			productName = BreakApp;
			productReference = 5A4056482F503B4A00C44EDF /* BreakApp.app */;
			productType = "com.apple.product-type.application";
		};
		5A40565D2F503B4C00C44EDF /* BreakAppTests */ = {
			isa = PBXNativeTarget;
			buildConfigurationList = 5A4056762F503B4C00C44EDF /* Build configuration list for PBXNativeTarget "BreakAppTests" */;
			buildPhases = (
				5A40565A2F503B4C00C44EDF /* Sources */,
				5A40565B2F503B4C00C44EDF /* Frameworks */,
				5A40565C2F503B4C00C44EDF /* Resources */,
			);
			buildRules = (
			);
			dependencies = (
				5A4056602F503B4C00C44EDF /* PBXTargetDependency */,
			);
			fileSystemSynchronizedGroups = (
				5A4056612F503B4C00C44EDF /* BreakAppTests */,
			);
			name = BreakAppTests;
			packageProductDependencies = (
			);
			productName = BreakAppTests;
			productReference = 5A40565E2F503B4C00C44EDF /* BreakAppTests.xctest */;
			productType = "com.apple.product-type.bundle.unit-test";
		};
		5A4056672F503B4C00C44EDF /* BreakAppUITests */ = {
			isa = PBXNativeTarget;
			buildConfigurationList = 5A4056792F503B4C00C44EDF /* Build configuration list for PBXNativeTarget "BreakAppUITests" */;
			buildPhases = (
				5A4056642F503B4C00C44EDF /* Sources */,
				5A4056652F503B4C00C44EDF /* Frameworks */,
				5A4056662F503B4C00C44EDF /* Resources */,
			);
			buildRules = (
			);
			dependencies = (
				5A40566A2F503B4C00C44EDF /* PBXTargetDependency */,
			);
			fileSystemSynchronizedGroups = (
				5A40566B2F503B4C00C44EDF /* BreakAppUITests */,
			);
			name = BreakAppUITests;
			packageProductDependencies = (
			);
			productName = BreakAppUITests;
			productReference = 5A4056682F503B4C00C44EDF /* BreakAppUITests.xctest */;
			productType = "com.apple.product-type.bundle.ui-testing";
		};
/* End PBXNativeTarget section */

/* Begin PBXProject section */
		5A4056402F503B4A00C44EDF /* Project object */ = {
			isa = PBXProject;
			attributes = {
				BuildIndependentTargetsInParallel = 1;
				LastSwiftUpdateCheck = 1630;
				LastUpgradeCheck = 1630;
				TargetAttributes = {
					5A4056472F503B4A00C44EDF = {
						CreatedOnToolsVersion = 16.3;
					};
					5A40565D2F503B4C00C44EDF = {
						CreatedOnToolsVersion = 16.3;
						TestTargetID = 5A4056472F503B4A00C44EDF;
					};
					5A4056672F503B4C00C44EDF = {
						CreatedOnToolsVersion = 16.3;
						TestTargetID = 5A4056472F503B4A00C44EDF;
					};
				};
			};
			buildConfigurationList = 5A4056432F503B4A00C44EDF /* Build configuration list for PBXProject "BreakApp" */;
			developmentRegion = en;
			hasScannedForEncodings = 0;
			knownRegions = (
				en,
				Base,
			);
			mainGroup = 5A40563F2F503B4A00C44EDF;
			minimizedProjectReferenceProxies = 1;
			packageReferences = (
				5A40567C2F5040AE00C44EDF /* XCRemoteSwiftPackageReference "firebase-ios-sdk" */,
			);
			preferredProjectObjectVersion = 77;
			productRefGroup = 5A4056492F503B4A00C44EDF /* Products */;
			projectDirPath = "";
			projectRoot = "";
			targets = (
				5A4056472F503B4A00C44EDF /* BreakApp */,
				5A40565D2F503B4C00C44EDF /* BreakAppTests */,
				5A4056672F503B4C00C44EDF /* BreakAppUITests */,
			);
		};
/* End PBXProject section */

/* Begin PBXResourcesBuildPhase section */
		5A4056462F503B4A00C44EDF /* Resources */ = {
			isa = PBXResourcesBuildPhase;
			buildActionMask = 2147483647;
			files = (
			);
			runOnlyForDeploymentPostprocessing = 0;
		};
		5A40565C2F503B4C00C44EDF /* Resources */ = {
			isa = PBXResourcesBuildPhase;
			buildActionMask = 2147483647;
			files = (
			);
			runOnlyForDeploymentPostprocessing = 0;
		};
		5A4056662F503B4C00C44EDF /* Resources */ = {
			isa = PBXResourcesBuildPhase;
			buildActionMask = 2147483647;
			files = (
			);
			runOnlyForDeploymentPostprocessing = 0;
		};
/* End PBXResourcesBuildPhase section */

/* Begin PBXSourcesBuildPhase section */
		5A4056442F503B4A00C44EDF /* Sources */ = {
			isa = PBXSourcesBuildPhase;
			buildActionMask = 2147483647;
			files = (
			);
			runOnlyForDeploymentPostprocessing = 0;
		};
		5A40565A2F503B4C00C44EDF /* Sources */ = {
			isa = PBXSourcesBuildPhase;
			buildActionMask = 2147483647;
			files = (
			);
			runOnlyForDeploymentPostprocessing = 0;
		};
		5A4056642F503B4C00C44EDF /* Sources */ = {
			isa = PBXSourcesBuildPhase;
			buildActionMask = 2147483647;
			files = (
			);
			runOnlyForDeploymentPostprocessing = 0;
		};
/* End PBXSourcesBuildPhase section */

/* Begin PBXTargetDependency section */
		5A4056602F503B4C00C44EDF /* PBXTargetDependency */ = {
			isa = PBXTargetDependency;
			target = 5A4056472F503B4A00C44EDF /* BreakApp */;
			targetProxy = 5A40565F2F503B4C00C44EDF /* PBXContainerItemProxy */;
		};
		5A40566A2F503B4C00C44EDF /* PBXTargetDependency */ = {
			isa = PBXTargetDependency;
			target = 5A4056472F503B4A00C44EDF /* BreakApp */;
			targetProxy = 5A4056692F503B4C00C44EDF /* PBXContainerItemProxy */;
		};
/* End PBXTargetDependency section */

/* Begin XCBuildConfiguration section */
		5A4056722F503B4C00C44EDF /* Debug */ = {
			isa = XCBuildConfiguration;
			buildSettings = {
				ASSETCATALOG_COMPILER_APPICON_NAME = AppIcon;
				ASSETCATALOG_COMPILER_GLOBAL_ACCENT_COLOR_NAME = AccentColor;
				CODE_SIGN_STYLE = Automatic;
				CURRENT_PROJECT_VERSION = 1;
				DEVELOPMENT_TEAM = 52W9NB8892;
				GENERATE_INFOPLIST_FILE = YES;
				INFOPLIST_FILE = BreakApp/Info.plist;
				INFOPLIST_KEY_UIApplicationSupportsIndirectInputEvents = YES;
				INFOPLIST_KEY_UILaunchStoryboardName = LaunchScreen;
				INFOPLIST_KEY_UIMainStoryboardFile = Main;
				INFOPLIST_KEY_UISupportedInterfaceOrientations_iPad = "UIInterfaceOrientationPortrait UIInterfaceOrientationPortraitUpsideDown UIInterfaceOrientationLandscapeLeft UIInterfaceOrientationLandscapeRight";
				INFOPLIST_KEY_UISupportedInterfaceOrientations_iPhone = "UIInterfaceOrientationPortrait UIInterfaceOrientationLandscapeLeft UIInterfaceOrientationLandscapeRight";
				LD_RUNPATH_SEARCH_PATHS = (
					"$(inherited)",
					"@executable_path/Frameworks",
				);
				MARKETING_VERSION = 1.0;
				PRODUCT_BUNDLE_IDENTIFIER = com.nishant.breakapp.assignment2026;
				PRODUCT_NAME = "$(TARGET_NAME)";
				SWIFT_EMIT_LOC_STRINGS = YES;
				SWIFT_VERSION = 5.0;
				TARGETED_DEVICE_FAMILY = "1,2";
			};
			name = Debug;
		};
		5A4056732F503B4C00C44EDF /* Release */ = {
			isa = XCBuildConfiguration;
			buildSettings = {
				ASSETCATALOG_COMPILER_APPICON_NAME = AppIcon;
				ASSETCATALOG_COMPILER_GLOBAL_ACCENT_COLOR_NAME = AccentColor;
				CODE_SIGN_STYLE = Automatic;
				CURRENT_PROJECT_VERSION = 1;
				DEVELOPMENT_TEAM = 52W9NB8892;
				GENERATE_INFOPLIST_FILE = YES;
				INFOPLIST_FILE = BreakApp/Info.plist;
				INFOPLIST_KEY_UIApplicationSupportsIndirectInputEvents = YES;
				INFOPLIST_KEY_UILaunchStoryboardName = LaunchScreen;
				INFOPLIST_KEY_UIMainStoryboardFile = Main;
				INFOPLIST_KEY_UISupportedInterfaceOrientations_iPad = "UIInterfaceOrientationPortrait UIInterfaceOrientationPortraitUpsideDown UIInterfaceOrientationLandscapeLeft UIInterfaceOrientationLandscapeRight";
				INFOPLIST_KEY_UISupportedInterfaceOrientations_iPhone = "UIInterfaceOrientationPortrait UIInterfaceOrientationLandscapeLeft UIInterfaceOrientationLandscapeRight";
				LD_RUNPATH_SEARCH_PATHS = (
					"$(inherited)",
					"@executable_path/Frameworks",
				);
				MARKETING_VERSION = 1.0;
				PRODUCT_BUNDLE_IDENTIFIER = com.nishant.breakapp.assignment2026;
				PRODUCT_NAME = "$(TARGET_NAME)";
				SWIFT_EMIT_LOC_STRINGS = YES;
				SWIFT_VERSION = 5.0;
				TARGETED_DEVICE_FAMILY = "1,2";
			};
			name = Release;
		};
		5A4056742F503B4C00C44EDF /* Debug */ = {
			isa = XCBuildConfiguration;
			buildSettings = {
				ALWAYS_SEARCH_USER_PATHS = NO;
				ASSETCATALOG_COMPILER_GENERATE_SWIFT_ASSET_SYMBOL_EXTENSIONS = YES;
				CLANG_ANALYZER_NONNULL = YES;
				CLANG_ANALYZER_NUMBER_OBJECT_CONVERSION = YES_AGGRESSIVE;
				CLANG_CXX_LANGUAGE_STANDARD = "gnu++20";
				CLANG_ENABLE_MODULES = YES;
				CLANG_ENABLE_OBJC_ARC = YES;
				CLANG_ENABLE_OBJC_WEAK = YES;
				CLANG_WARN_BLOCK_CAPTURE_AUTORELEASING = YES;
				CLANG_WARN_BOOL_CONVERSION = YES;
				CLANG_WARN_COMMA = YES;
				CLANG_WARN_CONSTANT_CONVERSION = YES;
				CLANG_WARN_DEPRECATED_OBJC_IMPLEMENTATIONS = YES;
				CLANG_WARN_DIRECT_OBJC_ISA_USAGE = YES_ERROR;
				CLANG_WARN_DOCUMENTATION_COMMENTS = YES;
				CLANG_WARN_EMPTY_BODY = YES;
				CLANG_WARN_ENUM_CONVERSION = YES;
				CLANG_WARN_INFINITE_RECURSION = YES;
				CLANG_WARN_INT_CONVERSION = YES;
				CLANG_WARN_NON_LITERAL_NULL_CONVERSION = YES;
				CLANG_WARN_OBJC_IMPLICIT_RETAIN_SELF = YES;
				CLANG_WARN_OBJC_LITERAL_CONVERSION = YES;
				CLANG_WARN_OBJC_ROOT_CLASS = YES_ERROR;
				CLANG_WARN_QUOTED_INCLUDE_IN_FRAMEWORK_HEADER = YES;
				CLANG_WARN_RANGE_LOOP_ANALYSIS = YES;
				CLANG_WARN_STRICT_PROTOTYPES = YES;
				CLANG_WARN_SUSPICIOUS_MOVE = YES;
				CLANG_WARN_UNGUARDED_AVAILABILITY = YES_AGGRESSIVE;
				CLANG_WARN_UNREACHABLE_CODE = YES;
				CLANG_WARN__DUPLICATE_METHOD_MATCH = YES;
				COPY_PHASE_STRIP = NO;
				DEBUG_INFORMATION_FORMAT = dwarf;
				DEVELOPMENT_TEAM = 5TK735J8Z8;
				ENABLE_STRICT_OBJC_MSGSEND = YES;
				ENABLE_TESTABILITY = YES;
				ENABLE_USER_SCRIPT_SANDBOXING = YES;
				GCC_C_LANGUAGE_STANDARD = gnu17;
				GCC_DYNAMIC_NO_PIC = NO;
				GCC_NO_COMMON_BLOCKS = YES;
				GCC_OPTIMIZATION_LEVEL = 0;
				GCC_PREPROCESSOR_DEFINITIONS = (
					"DEBUG=1",
					"$(inherited)",
				);
				GCC_WARN_64_TO_32_BIT_CONVERSION = YES;
				GCC_WARN_ABOUT_RETURN_TYPE = YES_ERROR;
				GCC_WARN_UNDECLARED_SELECTOR = YES;
				GCC_WARN_UNINITIALIZED_AUTOS = YES_AGGRESSIVE;
				GCC_WARN_UNUSED_FUNCTION = YES;
				GCC_WARN_UNUSED_VARIABLE = YES;
				IPHONEOS_DEPLOYMENT_TARGET = 18.4;
				LOCALIZATION_PREFERS_STRING_CATALOGS = YES;
				MTL_ENABLE_DEBUG_INFO = INCLUDE_SOURCE;
				MTL_FAST_MATH = YES;
				ONLY_ACTIVE_ARCH = YES;
				SDKROOT = iphoneos;
				SWIFT_ACTIVE_COMPILATION_CONDITIONS = "DEBUG $(inherited)";
				SWIFT_OPTIMIZATION_LEVEL = "-Onone";
			};
			name = Debug;
		};
		5A4056752F503B4C00C44EDF /* Release */ = {
			isa = XCBuildConfiguration;
			buildSettings = {
				ALWAYS_SEARCH_USER_PATHS = NO;
				ASSETCATALOG_COMPILER_GENERATE_SWIFT_ASSET_SYMBOL_EXTENSIONS = YES;
				CLANG_ANALYZER_NONNULL = YES;
				CLANG_ANALYZER_NUMBER_OBJECT_CONVERSION = YES_AGGRESSIVE;
				CLANG_CXX_LANGUAGE_STANDARD = "gnu++20";
				CLANG_ENABLE_MODULES = YES;
				CLANG_ENABLE_OBJC_ARC = YES;
				CLANG_ENABLE_OBJC_WEAK = YES;
				CLANG_WARN_BLOCK_CAPTURE_AUTORELEASING = YES;
				CLANG_WARN_BOOL_CONVERSION = YES;
				CLANG_WARN_COMMA = YES;
				CLANG_WARN_CONSTANT_CONVERSION = YES;
				CLANG_WARN_DEPRECATED_OBJC_IMPLEMENTATIONS = YES;
				CLANG_WARN_DIRECT_OBJC_ISA_USAGE = YES_ERROR;
				CLANG_WARN_DOCUMENTATION_COMMENTS = YES;
				CLANG_WARN_EMPTY_BODY = YES;
				CLANG_WARN_ENUM_CONVERSION = YES;
				CLANG_WARN_INFINITE_RECURSION = YES;
				CLANG_WARN_INT_CONVERSION = YES;
				CLANG_WARN_NON_LITERAL_NULL_CONVERSION = YES;
				CLANG_WARN_OBJC_IMPLICIT_RETAIN_SELF = YES;
				CLANG_WARN_OBJC_LITERAL_CONVERSION = YES;
				CLANG_WARN_OBJC_ROOT_CLASS = YES_ERROR;
				CLANG_WARN_QUOTED_INCLUDE_IN_FRAMEWORK_HEADER = YES;
				CLANG_WARN_RANGE_LOOP_ANALYSIS = YES;
				CLANG_WARN_STRICT_PROTOTYPES = YES;
				CLANG_WARN_SUSPICIOUS_MOVE = YES;
				CLANG_WARN_UNGUARDED_AVAILABILITY = YES_AGGRESSIVE;
				CLANG_WARN_UNREACHABLE_CODE = YES;
				CLANG_WARN__DUPLICATE_METHOD_MATCH = YES;
				COPY_PHASE_STRIP = NO;
				DEBUG_INFORMATION_FORMAT = "dwarf-with-dsym";
				DEVELOPMENT_TEAM = 5TK735J8Z8;
				ENABLE_NS_ASSERTIONS = NO;
				ENABLE_STRICT_OBJC_MSGSEND = YES;
				ENABLE_USER_SCRIPT_SANDBOXING = YES;
				GCC_C_LANGUAGE_STANDARD = gnu17;
				GCC_NO_COMMON_BLOCKS = YES;
				GCC_WARN_64_TO_32_BIT_CONVERSION = YES;
				GCC_WARN_ABOUT_RETURN_TYPE = YES_ERROR;
				GCC_WARN_UNDECLARED_SELECTOR = YES;
				GCC_WARN_UNINITIALIZED_AUTOS = YES_AGGRESSIVE;
				GCC_WARN_UNUSED_FUNCTION = YES;
				GCC_WARN_UNUSED_VARIABLE = YES;
				IPHONEOS_DEPLOYMENT_TARGET = 18.4;
				LOCALIZATION_PREFERS_STRING_CATALOGS = YES;
				MTL_ENABLE_DEBUG_INFO = NO;
				MTL_FAST_MATH = YES;
				SDKROOT = iphoneos;
				SWIFT_COMPILATION_MODE = wholemodule;
				VALIDATE_PRODUCT = YES;
			};
			name = Release;
		};
		5A4056772F503B4C00C44EDF /* Debug */ = {
			isa = XCBuildConfiguration;
			buildSettings = {
				BUNDLE_LOADER = "$(TEST_HOST)";
				CODE_SIGN_STYLE = Automatic;
				CURRENT_PROJECT_VERSION = 1;
				DEVELOPMENT_TEAM = 5TK735J8Z8;
				GENERATE_INFOPLIST_FILE = YES;
				IPHONEOS_DEPLOYMENT_TARGET = 18.4;
				MARKETING_VERSION = 1.0;
				PRODUCT_BUNDLE_IDENTIFIER = Nishant.BreakAppTests;
				PRODUCT_NAME = "$(TARGET_NAME)";
				SWIFT_EMIT_LOC_STRINGS = NO;
				SWIFT_VERSION = 5.0;
				TARGETED_DEVICE_FAMILY = "1,2";
				TEST_HOST = "$(BUILT_PRODUCTS_DIR)/BreakApp.app/$(BUNDLE_EXECUTABLE_FOLDER_PATH)/BreakApp";
			};
			name = Debug;
		};
		5A4056782F503B4C00C44EDF /* Release */ = {
			isa = XCBuildConfiguration;
			buildSettings = {
				BUNDLE_LOADER = "$(TEST_HOST)";
				CODE_SIGN_STYLE = Automatic;
				CURRENT_PROJECT_VERSION = 1;
				DEVELOPMENT_TEAM = 5TK735J8Z8;
				GENERATE_INFOPLIST_FILE = YES;
				IPHONEOS_DEPLOYMENT_TARGET = 18.4;
				MARKETING_VERSION = 1.0;
				PRODUCT_BUNDLE_IDENTIFIER = Nishant.BreakAppTests;
				PRODUCT_NAME = "$(TARGET_NAME)";
				SWIFT_EMIT_LOC_STRINGS = NO;
				SWIFT_VERSION = 5.0;
				TARGETED_DEVICE_FAMILY = "1,2";
				TEST_HOST = "$(BUILT_PRODUCTS_DIR)/BreakApp.app/$(BUNDLE_EXECUTABLE_FOLDER_PATH)/BreakApp";
			};
			name = Release;
		};
		5A40567A2F503B4C00C44EDF /* Debug */ = {
			isa = XCBuildConfiguration;
			buildSettings = {
				CODE_SIGN_STYLE = Automatic;
				CURRENT_PROJECT_VERSION = 1;
				DEVELOPMENT_TEAM = 5TK735J8Z8;
				GENERATE_INFOPLIST_FILE = YES;
				MARKETING_VERSION = 1.0;
				PRODUCT_BUNDLE_IDENTIFIER = Nishant.BreakAppUITests;
				PRODUCT_NAME = "$(TARGET_NAME)";
				SWIFT_EMIT_LOC_STRINGS = NO;
				SWIFT_VERSION = 5.0;
				TARGETED_DEVICE_FAMILY = "1,2";
				TEST_TARGET_NAME = BreakApp;
			};
			name = Debug;
		};
		5A40567B2F503B4C00C44EDF /* Release */ = {
			isa = XCBuildConfiguration;
			buildSettings = {
				CODE_SIGN_STYLE = Automatic;
				CURRENT_PROJECT_VERSION = 1;
				DEVELOPMENT_TEAM = 5TK735J8Z8;
				GENERATE_INFOPLIST_FILE = YES;
				MARKETING_VERSION = 1.0;
				PRODUCT_BUNDLE_IDENTIFIER = Nishant.BreakAppUITests;
				PRODUCT_NAME = "$(TARGET_NAME)";
				SWIFT_EMIT_LOC_STRINGS = NO;
				SWIFT_VERSION = 5.0;
				TARGETED_DEVICE_FAMILY = "1,2";
				TEST_TARGET_NAME = BreakApp;
			};
			name = Release;
		};
/* End XCBuildConfiguration section */

/* Begin XCConfigurationList section */
		5A4056432F503B4A00C44EDF /* Build configuration list for PBXProject "BreakApp" */ = {
			isa = XCConfigurationList;
			buildConfigurations = (
				5A4056742F503B4C00C44EDF /* Debug */,
				5A4056752F503B4C00C44EDF /* Release */,
			);
			defaultConfigurationIsVisible = 0;
			defaultConfigurationName = Release;
		};
		5A4056712F503B4C00C44EDF /* Build configuration list for PBXNativeTarget "BreakApp" */ = {
			isa = XCConfigurationList;
			buildConfigurations = (
				5A4056722F503B4C00C44EDF /* Debug */,
				5A4056732F503B4C00C44EDF /* Release */,
			);
			defaultConfigurationIsVisible = 0;
			defaultConfigurationName = Release;
		};
		5A4056762F503B4C00C44EDF /* Build configuration list for PBXNativeTarget "BreakAppTests" */ = {
			isa = XCConfigurationList;
			buildConfigurations = (
				5A4056772F503B4C00C44EDF /* Debug */,
				5A4056782F503B4C00C44EDF /* Release */,
			);
			defaultConfigurationIsVisible = 0;
			defaultConfigurationName = Release;
		};
		5A4056792F503B4C00C44EDF /* Build configuration list for PBXNativeTarget "BreakAppUITests" */ = {
			isa = XCConfigurationList;
			buildConfigurations = (
				5A40567A2F503B4C00C44EDF /* Debug */,
				5A40567B2F503B4C00C44EDF /* Release */,
			);
			defaultConfigurationIsVisible = 0;
			defaultConfigurationName = Release;
		};
/* End XCConfigurationList section */

/* Begin XCRemoteSwiftPackageReference section */
		5A40567C2F5040AE00C44EDF /* XCRemoteSwiftPackageReference "firebase-ios-sdk" */ = {
			isa = XCRemoteSwiftPackageReference;
			repositoryURL = "https://github.com/firebase/firebase-ios-sdk";
			requirement = {
				kind = upToNextMajorVersion;
				minimumVersion = 12.10.0;
			};
		};
/* End XCRemoteSwiftPackageReference section */

/* Begin XCSwiftPackageProductDependency section */
		5A40567D2F5040AE00C44EDF /* FirebaseAuth */ = {
			isa = XCSwiftPackageProductDependency;
			package = 5A40567C2F5040AE00C44EDF /* XCRemoteSwiftPackageReference "firebase-ios-sdk" */;
			productName = FirebaseAuth;
		};
		5A40567F2F5040AE00C44EDF /* FirebaseFirestore */ = {
			isa = XCSwiftPackageProductDependency;
			package = 5A40567C2F5040AE00C44EDF /* XCRemoteSwiftPackageReference "firebase-ios-sdk" */;
			productName = FirebaseFirestore;
		};
/* End XCSwiftPackageProductDependency section */
	};
	rootObject = 5A4056402F503B4A00C44EDF /* Project object */;
}
